
Microsoft Visual Studio Solution File, Format Version 12.00
Project("{FAE04EC0-301F-11D3-BF4B-00C04F79EFBC}") = "WeatherApp", "WeatherApp\WeatherApp.csproj", "{986FFAC4-A7AA-4432-800C-BD4C042D3054}"
EndProject
Project("{FAE04EC0-301F-11D3-BF4B-00C04F79EFBC}") = "WeatherApp.Model", "WeatherApp.Model\WeatherApp.Model.csproj", "{9A09F567-AA89-4ED3-9DD7-192AD83E4907}"
EndProject
Project("{FAE04EC0-301F-11D3-BF4B-00C04F79EFBC}") = "WeatherApp.ViewModel", "WeatherApp.ViewModel\WeatherApp.ViewModel.csproj", "{FB793750-DDC1-4809-B212-6EF40739530C}"
EndProject
Global
	GlobalSection(SolutionConfigurationPlatforms) = preSolution
		Debug|Any CPU = Debug|Any CPU
		Release|Any CPU = Release|Any CPU
	EndGlobalSection
	GlobalSection(ProjectConfigurationPlatforms) = postSolution
		{986FFAC4-A7AA-4432-800C-BD4C042D3054}.Debug|Any CPU.ActiveCfg = Debug|Any CPU
		{986FFAC4-A7AA-4432-800C-BD4C042D3054}.Debug|Any CPU.Build.0 = Debug|Any CPU
		{986FFAC4-A7AA-4432-800C-BD4C042D3054}.Release|Any CPU.ActiveCfg = Release|Any CPU
		{986FFAC4-A7AA-4432-800C-BD4C042D3054}.Release|Any CPU.Build.0 = Release|Any CPU
		{9A09F567-AA89-4ED3-9DD7-192AD83E4907}.Debug|Any CPU.ActiveCfg = Debug|Any CPU
		{9A09F567-AA89-4ED3-9DD7-192AD83E4907}.Debug|Any CPU.Build.0 = Debug|Any CPU
		{9A09F567-AA89-4ED3-9DD7-192AD83E4907}.Release|Any CPU.ActiveCfg = Release|Any CPU
		{9A09F567-AA89-4ED3-9DD7-192AD83E4907}.Release|Any CPU.Build.0 = Release|Any CPU
		{FB793750-DDC1-4809-B212-6EF40739530C}.Debug|Any CPU.ActiveCfg = Debug|Any CPU
		{FB793750-DDC1-4809-B212-6EF40739530C}.Debug|Any CPU.Build.0 = Debug|Any CPU
		{FB793750-DDC1-4809-B212-6EF40739530C}.Release|Any CPU.ActiveCfg = Release|Any CPU
		{FB793750-DDC1-4809-B212-6EF40739530C}.Release|Any CPU.Build.0 = Release|Any CPU
	EndGlobalSection
EndGlobal
